
Microsoft Visual Studio Solution File, Format Version 12.00
# Visual Studio Version 17
VisualStudioVersion = 17.11.35312.102
MinimumVisualStudioVersion = 10.0.40219.1
Project("{FAE04EC0-301F-11D3-BF4B-00C04F79EFBC}") = "KoiFarmShop.WebApplication", "KoiFarmShop.WebApplication\KoiFarmShop.WebApplication.csproj", "{57124EDB-8427-45C6-AAB7-EA5F9335E7C3}"
EndProject
Project("{FAE04EC0-301F-11D3-BF4B-00C04F79EFBC}") = "KoiFarmShop.Services", "KoiFarmShop.Services\KoiFarmShop.Services.csproj", "{94817A71-7AF4-4275-8CC0-7C5FB576FB78}"
EndProject
Project("{FAE04EC0-301F-11D3-BF4B-00C04F79EFBC}") = "KoiFarmShop.Repositories", "KoiFarmShop.Repositories\KoiFarmShop.Repositories.csproj", "{8C0202DA-4194-4F3A-843D-CC3250B7AC58}"
EndProject
Global
	GlobalSection(SolutionConfigurationPlatforms) = preSolution
		Debug|Any CPU = Debug|Any CPU
		Release|Any CPU = Release|Any CPU
	EndGlobalSection
	GlobalSection(ProjectConfigurationPlatforms) = postSolution
		{57124EDB-8427-45C6-AAB7-EA5F9335E7C3}.Debug|Any CPU.ActiveCfg = Debug|Any CPU
		{57124EDB-8427-45C6-AAB7-EA5F9335E7C3}.Debug|Any CPU.Build.0 = Debug|Any CPU
		{57124EDB-8427-45C6-AAB7-EA5F9335E7C3}.Release|Any CPU.ActiveCfg = Release|Any CPU
		{57124EDB-8427-45C6-AAB7-EA5F9335E7C3}.Release|Any CPU.Build.0 = Release|Any CPU
		{94817A71-7AF4-4275-8CC0-7C5FB576FB78}.Debug|Any CPU.ActiveCfg = Debug|Any CPU
		{94817A71-7AF4-4275-8CC0-7C5FB576FB78}.Debug|Any CPU.Build.0 = Debug|Any CPU
		{94817A71-7AF4-4275-8CC0-7C5FB576FB78}.Release|Any CPU.ActiveCfg = Release|Any CPU
		{94817A71-7AF4-4275-8CC0-7C5FB576FB78}.Release|Any CPU.Build.0 = Release|Any CPU
		{8C0202DA-4194-4F3A-843D-CC3250B7AC58}.Debug|Any CPU.ActiveCfg = Debug|Any CPU
		{8C0202DA-4194-4F3A-843D-CC3250B7AC58}.Debug|Any CPU.Build.0 = Debug|Any CPU
		{8C0202DA-4194-4F3A-843D-CC3250B7AC58}.Release|Any CPU.ActiveCfg = Release|Any CPU
		{8C0202DA-4194-4F3A-843D-CC3250B7AC58}.Release|Any CPU.Build.0 = Release|Any CPU
	EndGlobalSection
	GlobalSection(SolutionProperties) = preSolution
		HideSolutionNode = FALSE
	EndGlobalSection
	GlobalSection(ExtensibilityGlobals) = postSolution
		SolutionGuid = {F0A1CC61-7A6F-436A-B096-C0E0E4D58BBC}
	EndGlobalSection
EndGlobal
